// !$*UTF8*$!
{
	archiveVersion = 1;
	classes = {
	};
	objectVersion = 46;
	objects = {

/* Begin PBXBuildFile section */
		7946B58122826AA700891B10 /* SGPlayerDecoder.m in Sources */ = {isa = PBXBuildFile; fileRef = 7946B53A22826AA700891B10 /* SGPlayerDecoder.m */; };
		7946B58822826AA700891B10 /* SGPlayerMacro.h in Headers */ = {isa = PBXBuildFile; fileRef = 7946B54322826AA700891B10 /* SGPlayerMacro.h */; };
		7946B58922826AA700891B10 /* SGGLModel.m in Sources */ = {isa = PBXBuildFile; fileRef = 7946B54622826AA700891B10 /* SGGLModel.m */; };
		7946B58A22826AA700891B10 /* SGGLVRModel.h in Headers */ = {isa = PBXBuildFile; fileRef = 7946B54722826AA700891B10 /* SGGLVRModel.h */; };
		7946B58B22826AA700891B10 /* SGGLNormalModel.m in Sources */ = {isa = PBXBuildFile; fileRef = 7946B54822826AA700891B10 /* SGGLNormalModel.m */; };
		7946B58C22826AA700891B10 /* SGGLModel.h in Headers */ = {isa = PBXBuildFile; fileRef = 7946B54922826AA700891B10 /* SGGLModel.h */; };
		7946B58D22826AA700891B10 /* SGGLNormalModel.h in Headers */ = {isa = PBXBuildFile; fileRef = 7946B54A22826AA700891B10 /* SGGLNormalModel.h */; };
		7946B58E22826AA700891B10 /* SGGLVRModel.m in Sources */ = {isa = PBXBuildFile; fileRef = 7946B54B22826AA700891B10 /* SGGLVRModel.m */; };
		7946B58F22826AA700891B10 /* SGDisplayView.h in Headers */ = {isa = PBXBuildFile; fileRef = 7946B54C22826AA700891B10 /* SGDisplayView.h */; };
		7946B59022826AA700891B10 /* SGGLViewController.m in Sources */ = {isa = PBXBuildFile; fileRef = 7946B54E22826AA700891B10 /* SGGLViewController.m */; };
		7946B59122826AA700891B10 /* SGGLFrame.h in Headers */ = {isa = PBXBuildFile; fileRef = 7946B54F22826AA700891B10 /* SGGLFrame.h */; };
		7946B59222826AA700891B10 /* SGGLViewController.h in Headers */ = {isa = PBXBuildFile; fileRef = 7946B55022826AA700891B10 /* SGGLViewController.h */; };
		7946B59322826AA700891B10 /* SGGLFrame.m in Sources */ = {isa = PBXBuildFile; fileRef = 7946B55122826AA700891B10 /* SGGLFrame.m */; };
		7946B59422826AA700891B10 /* SGDisplayView.m in Sources */ = {isa = PBXBuildFile; fileRef = 7946B55222826AA700891B10 /* SGDisplayView.m */; };
		7946B59522826AA700891B10 /* SGGLTexture.m in Sources */ = {isa = PBXBuildFile; fileRef = 7946B55422826AA700891B10 /* SGGLTexture.m */; };
		7946B59622826AA700891B10 /* SGGLTextureYUV420.h in Headers */ = {isa = PBXBuildFile; fileRef = 7946B55522826AA700891B10 /* SGGLTextureYUV420.h */; };
		7946B59722826AA700891B10 /* SGGLTextureNV12.m in Sources */ = {isa = PBXBuildFile; fileRef = 7946B55622826AA700891B10 /* SGGLTextureNV12.m */; };
		7946B59822826AA700891B10 /* SGGLTexture.h in Headers */ = {isa = PBXBuildFile; fileRef = 7946B55722826AA700891B10 /* SGGLTexture.h */; };
		7946B59922826AA700891B10 /* SGGLTextureYUV420.m in Sources */ = {isa = PBXBuildFile; fileRef = 7946B55822826AA700891B10 /* SGGLTextureYUV420.m */; };
		7946B59A22826AA700891B10 /* SGGLTextureNV12.h in Headers */ = {isa = PBXBuildFile; fileRef = 7946B55922826AA700891B10 /* SGGLTextureNV12.h */; };
		7946B59B22826AA700891B10 /* SGGLProgram.m in Sources */ = {isa = PBXBuildFile; fileRef = 7946B55B22826AA700891B10 /* SGGLProgram.m */; };
		7946B59C22826AA700891B10 /* SGGLProgramNV12.m in Sources */ = {isa = PBXBuildFile; fileRef = 7946B55C22826AA700891B10 /* SGGLProgramNV12.m */; };
		7946B59D22826AA700891B10 /* SGGLProgramYUV420.h in Headers */ = {isa = PBXBuildFile; fileRef = 7946B55D22826AA700891B10 /* SGGLProgramYUV420.h */; };
		7946B59E22826AA700891B10 /* SGGLProgram.h in Headers */ = {isa = PBXBuildFile; fileRef = 7946B55E22826AA700891B10 /* SGGLProgram.h */; };
		7946B59F22826AA700891B10 /* SGGLProgramNV12.h in Headers */ = {isa = PBXBuildFile; fileRef = 7946B55F22826AA700891B10 /* SGGLProgramNV12.h */; };
		7946B5A022826AA700891B10 /* SGGLProgramYUV420.m in Sources */ = {isa = PBXBuildFile; fileRef = 7946B56022826AA700891B10 /* SGGLProgramYUV420.m */; };
		7946B5A122826AA700891B10 /* SGDistortionRenderer.h in Headers */ = {isa = PBXBuildFile; fileRef = 7946B56222826AA700891B10 /* SGDistortionRenderer.h */; };
		7946B5A222826AA700891B10 /* SGDistortionModel.m in Sources */ = {isa = PBXBuildFile; fileRef = 7946B56322826AA700891B10 /* SGDistortionModel.m */; };
		7946B5A322826AA700891B10 /* SGDistortionRenderer.m in Sources */ = {isa = PBXBuildFile; fileRef = 7946B56422826AA700891B10 /* SGDistortionRenderer.m */; };
		7946B5A422826AA700891B10 /* SGDistortionModel.h in Headers */ = {isa = PBXBuildFile; fileRef = 7946B56522826AA700891B10 /* SGDistortionModel.h */; };
		7946B5A522826AA700891B10 /* SGPlayerBuildConfig.h in Headers */ = {isa = PBXBuildFile; fileRef = 7946B56622826AA700891B10 /* SGPlayerBuildConfig.h */; };
		7946B5A622826AA700891B10 /* SGPlayerNotification.m in Sources */ = {isa = PBXBuildFile; fileRef = 7946B56722826AA700891B10 /* SGPlayerNotification.m */; };
		7946B5A722826AA700891B10 /* SGPlayer+DisplayView.h in Headers */ = {isa = PBXBuildFile; fileRef = 7946B56922826AA700891B10 /* SGPlayer+DisplayView.h */; };
		7946B5A822826AA700891B10 /* SGPlayer+DisplayView.m in Sources */ = {isa = PBXBuildFile; fileRef = 7946B56A22826AA700891B10 /* SGPlayer+DisplayView.m */; };
		7946B5AB22826AA700891B10 /* SGPlayerNotification.h in Headers */ = {isa = PBXBuildFile; fileRef = 7946B56E22826AA700891B10 /* SGPlayerNotification.h */; };
		7946B5AC22826AA700891B10 /* SGSensors.h in Headers */ = {isa = PBXBuildFile; fileRef = 7946B57022826AA700891B10 /* SGSensors.h */; };
		7946B5AD22826AA700891B10 /* SGFingerRotation.m in Sources */ = {isa = PBXBuildFile; fileRef = 7946B57122826AA700891B10 /* SGFingerRotation.m */; };
		7946B5AE22826AA700891B10 /* SGMatrix.m in Sources */ = {isa = PBXBuildFile; fileRef = 7946B57222826AA700891B10 /* SGMatrix.m */; };
		7946B5AF22826AA700891B10 /* SGSensors.m in Sources */ = {isa = PBXBuildFile; fileRef = 7946B57322826AA700891B10 /* SGSensors.m */; };
		7946B5B022826AA700891B10 /* SGMatrix.h in Headers */ = {isa = PBXBuildFile; fileRef = 7946B57422826AA700891B10 /* SGMatrix.h */; };
		7946B5B122826AA700891B10 /* SGFingerRotation.h in Headers */ = {isa = PBXBuildFile; fileRef = 7946B57522826AA700891B10 /* SGFingerRotation.h */; };
		7946B5B322826AA700891B10 /* SGAVPlayer.m in Sources */ = {isa = PBXBuildFile; fileRef = 7946B57822826AA700891B10 /* SGAVPlayer.m */; };
		7946B5B422826AA700891B10 /* SGPlayerImp.h in Headers */ = {isa = PBXBuildFile; fileRef = 7946B57922826AA700891B10 /* SGPlayerImp.h */; settings = {ATTRIBUTES = (Public, ); }; };
		7946B5B522826AA700891B10 /* SGPlayerTrack.m in Sources */ = {isa = PBXBuildFile; fileRef = 7946B57A22826AA700891B10 /* SGPlayerTrack.m */; };
		7946B5B622826AA700891B10 /* SGPlayerAction.h in Headers */ = {isa = PBXBuildFile; fileRef = 7946B57B22826AA700891B10 /* SGPlayerAction.h */; settings = {ATTRIBUTES = (Public, ); }; };
		7946B5B722826AA700891B10 /* SGPlayerDecoder.h in Headers */ = {isa = PBXBuildFile; fileRef = 7946B57C22826AA700891B10 /* SGPlayerDecoder.h */; settings = {ATTRIBUTES = (Public, ); }; };
		7946B5B822826AA700891B10 /* SGPlayerTrack.h in Headers */ = {isa = PBXBuildFile; fileRef = 7946B57D22826AA700891B10 /* SGPlayerTrack.h */; settings = {ATTRIBUTES = (Public, ); }; };
		7946B5B922826AA700891B10 /* SGPlayerImp.m in Sources */ = {isa = PBXBuildFile; fileRef = 7946B57E22826AA700891B10 /* SGPlayerImp.m */; };
		7946B5BB22826AA700891B10 /* SGPlayerAction.m in Sources */ = {isa = PBXBuildFile; fileRef = 7946B58022826AA700891B10 /* SGPlayerAction.m */; };
		7992D5672283BC0C00D7208B /* SGPlayer.h in Headers */ = {isa = PBXBuildFile; fileRef = 7992D5662283BC0B00D7208B /* SGPlayer.h */; settings = {ATTRIBUTES = (Public, ); }; };
		7992D5AA2283BE9200D7208B /* SGPLFGLViewController.m in Sources */ = {isa = PBXBuildFile; fileRef = 7992D5952283BE9100D7208B /* SGPLFGLViewController.m */; };
		7992D5AB2283BE9200D7208B /* SGPLFGLView.h in Headers */ = {isa = PBXBuildFile; fileRef = 7992D5962283BE9100D7208B /* SGPLFGLView.h */; settings = {ATTRIBUTES = (Public, ); }; };
		7992D5AC2283BE9200D7208B /* SGPLFGLContext.m in Sources */ = {isa = PBXBuildFile; fileRef = 7992D5972283BE9100D7208B /* SGPLFGLContext.m */; };
		7992D5AD2283BE9200D7208B /* SGPLFOpenGL.h in Headers */ = {isa = PBXBuildFile; fileRef = 7992D5982283BE9200D7208B /* SGPLFOpenGL.h */; settings = {ATTRIBUTES = (Public, ); }; };
		7992D5AE2283BE9200D7208B /* SGPLFGLViewController.h in Headers */ = {isa = PBXBuildFile; fileRef = 7992D5992283BE9200D7208B /* SGPLFGLViewController.h */; settings = {ATTRIBUTES = (Public, ); }; };
		7992D5AF2283BE9200D7208B /* SGPLFGLView.m in Sources */ = {isa = PBXBuildFile; fileRef = 7992D59A2283BE9200D7208B /* SGPLFGLView.m */; };
		7992D5B02283BE9200D7208B /* SGPLFGLContext.h in Headers */ = {isa = PBXBuildFile; fileRef = 7992D59B2283BE9200D7208B /* SGPLFGLContext.h */; settings = {ATTRIBUTES = (Public, ); }; };
		7992D5B12283BE9200D7208B /* SGPLFTargets.h in Headers */ = {isa = PBXBuildFile; fileRef = 7992D59C2283BE9200D7208B /* SGPLFTargets.h */; settings = {ATTRIBUTES = (Public, ); }; };
		7992D5B22283BE9200D7208B /* SGPLFObject.h in Headers */ = {isa = PBXBuildFile; fileRef = 7992D59E2283BE9200D7208B /* SGPLFObject.h */; settings = {ATTRIBUTES = (Public, ); }; };
		7992D5B32283BE9200D7208B /* SGPLFColor.h in Headers */ = {isa = PBXBuildFile; fileRef = 7992D59F2283BE9200D7208B /* SGPLFColor.h */; settings = {ATTRIBUTES = (Public, ); }; };
		7992D5B42283BE9200D7208B /* SGPLFView.m in Sources */ = {isa = PBXBuildFile; fileRef = 7992D5A02283BE9200D7208B /* SGPLFView.m */; };
		7992D5B52283BE9200D7208B /* SGPLFImage.m in Sources */ = {isa = PBXBuildFile; fileRef = 7992D5A12283BE9200D7208B /* SGPLFImage.m */; };
		7992D5B62283BE9200D7208B /* SGPLFDisplayLink.h in Headers */ = {isa = PBXBuildFile; fileRef = 7992D5A22283BE9200D7208B /* SGPLFDisplayLink.h */; settings = {ATTRIBUTES = (Public, ); }; };
		7992D5B72283BE9200D7208B /* SGPLFScreen.h in Headers */ = {isa = PBXBuildFile; fileRef = 7992D5A32283BE9200D7208B /* SGPLFScreen.h */; settings = {ATTRIBUTES = (Public, ); }; };
		7992D5B82283BE9200D7208B /* SGPLFImage.h in Headers */ = {isa = PBXBuildFile; fileRef = 7992D5A42283BE9200D7208B /* SGPLFImage.h */; settings = {ATTRIBUTES = (Public, ); }; };
		7992D5B92283BE9200D7208B /* SGPLFView.h in Headers */ = {isa = PBXBuildFile; fileRef = 7992D5A52283BE9200D7208B /* SGPLFView.h */; settings = {ATTRIBUTES = (Public, ); }; };
		7992D5BA2283BE9200D7208B /* SGPLFColor.m in Sources */ = {isa = PBXBuildFile; fileRef = 7992D5A62283BE9200D7208B /* SGPLFColor.m */; };
		7992D5BB2283BE9200D7208B /* SGPLFScreen.m in Sources */ = {isa = PBXBuildFile; fileRef = 7992D5A72283BE9200D7208B /* SGPLFScreen.m */; };
		7992D5BC2283BE9200D7208B /* SGPLFDisplayLink.m in Sources */ = {isa = PBXBuildFile; fileRef = 7992D5A82283BE9200D7208B /* SGPLFDisplayLink.m */; };
		79963F222283C3680097746D /* SGPlatform.h in Headers */ = {isa = PBXBuildFile; fileRef = 7992D5A92283BE9200D7208B /* SGPlatform.h */; settings = {ATTRIBUTES = (Public, ); }; };
		79963F242283DA810097746D /* AudioToolbox.framework in Frameworks */ = {isa = PBXBuildFile; fileRef = 79963F232283DA810097746D /* AudioToolbox.framework */; };
		79963F262283DB390097746D /* CoreMedia.framework in Frameworks */ = {isa = PBXBuildFile; fileRef = 79963F252283DB390097746D /* CoreMedia.framework */; };
		79963F282283DB400097746D /* VideoToolbox.framework in Frameworks */ = {isa = PBXBuildFile; fileRef = 79963F272283DB400097746D /* VideoToolbox.framework */; };
		79963F2A2283DB460097746D /* libiconv.tbd in Frameworks */ = {isa = PBXBuildFile; fileRef = 79963F292283DB460097746D /* libiconv.tbd */; };
		79963F2C2283DB4C0097746D /* libbz2.tbd in Frameworks */ = {isa = PBXBuildFile; fileRef = 79963F2B2283DB4C0097746D /* libbz2.tbd */; };
		79963F2E2283DB500097746D /* libz.tbd in Frameworks */ = {isa = PBXBuildFile; fileRef = 79963F2D2283DB500097746D /* libz.tbd */; };
/* End PBXBuildFile section */

/* Begin PBXFileReference section */
		7946B53A22826AA700891B10 /* SGPlayerDecoder.m */ = {isa = PBXFileReference; fileEncoding = 4; lastKnownFileType = sourcecode.c.objc; path = SGPlayerDecoder.m; sourceTree = "<group>"; };
		7946B54322826AA700891B10 /* SGPlayerMacro.h */ = {isa = PBXFileReference; fileEncoding = 4; lastKnownFileType = sourcecode.c.h; path = SGPlayerMacro.h; sourceTree = "<group>"; };
		7946B54622826AA700891B10 /* SGGLModel.m */ = {isa = PBXFileReference; fileEncoding = 4; lastKnownFileType = sourcecode.c.objc; path = SGGLModel.m; sourceTree = "<group>"; };
		7946B54722826AA700891B10 /* SGGLVRModel.h */ = {isa = PBXFileReference; fileEncoding = 4; lastKnownFileType = sourcecode.c.h; path = SGGLVRModel.h; sourceTree = "<group>"; };
		7946B54822826AA700891B10 /* SGGLNormalModel.m */ = {isa = PBXFileReference; fileEncoding = 4; lastKnownFileType = sourcecode.c.objc; path = SGGLNormalModel.m; sourceTree = "<group>"; };
		7946B54922826AA700891B10 /* SGGLModel.h */ = {isa = PBXFileReference; fileEncoding = 4; lastKnownFileType = sourcecode.c.h; path = SGGLModel.h; sourceTree = "<group>"; };
		7946B54A22826AA700891B10 /* SGGLNormalModel.h */ = {isa = PBXFileReference; fileEncoding = 4; lastKnownFileType = sourcecode.c.h; path = SGGLNormalModel.h; sourceTree = "<group>"; };
		7946B54B22826AA700891B10 /* SGGLVRModel.m */ = {isa = PBXFileReference; fileEncoding = 4; lastKnownFileType = sourcecode.c.objc; path = SGGLVRModel.m; sourceTree = "<group>"; };
		7946B54C22826AA700891B10 /* SGDisplayView.h */ = {isa = PBXFileReference; fileEncoding = 4; lastKnownFileType = sourcecode.c.h; path = SGDisplayView.h; sourceTree = "<group>"; };
		7946B54E22826AA700891B10 /* SGGLViewController.m */ = {isa = PBXFileReference; fileEncoding = 4; lastKnownFileType = sourcecode.c.objc; path = SGGLViewController.m; sourceTree = "<group>"; };
		7946B54F22826AA700891B10 /* SGGLFrame.h */ = {isa = PBXFileReference; fileEncoding = 4; lastKnownFileType = sourcecode.c.h; path = SGGLFrame.h; sourceTree = "<group>"; };
		7946B55022826AA700891B10 /* SGGLViewController.h */ = {isa = PBXFileReference; fileEncoding = 4; lastKnownFileType = sourcecode.c.h; path = SGGLViewController.h; sourceTree = "<group>"; };
		7946B55122826AA700891B10 /* SGGLFrame.m */ = {isa = PBXFileReference; fileEncoding = 4; lastKnownFileType = sourcecode.c.objc; path = SGGLFrame.m; sourceTree = "<group>"; };
		7946B55222826AA700891B10 /* SGDisplayView.m */ = {isa = PBXFileReference; fileEncoding = 4; lastKnownFileType = sourcecode.c.objc; path = SGDisplayView.m; sourceTree = "<group>"; };
		7946B55422826AA700891B10 /* SGGLTexture.m */ = {isa = PBXFileReference; fileEncoding = 4; lastKnownFileType = sourcecode.c.objc; path = SGGLTexture.m; sourceTree = "<group>"; };
		7946B55522826AA700891B10 /* SGGLTextureYUV420.h */ = {isa = PBXFileReference; fileEncoding = 4; lastKnownFileType = sourcecode.c.h; path = SGGLTextureYUV420.h; sourceTree = "<group>"; };
		7946B55622826AA700891B10 /* SGGLTextureNV12.m */ = {isa = PBXFileReference; fileEncoding = 4; lastKnownFileType = sourcecode.c.objc; path = SGGLTextureNV12.m; sourceTree = "<group>"; };
		7946B55722826AA700891B10 /* SGGLTexture.h */ = {isa = PBXFileReference; fileEncoding = 4; lastKnownFileType = sourcecode.c.h; path = SGGLTexture.h; sourceTree = "<group>"; };
		7946B55822826AA700891B10 /* SGGLTextureYUV420.m */ = {isa = PBXFileReference; fileEncoding = 4; lastKnownFileType = sourcecode.c.objc; path = SGGLTextureYUV420.m; sourceTree = "<group>"; };
		7946B55922826AA700891B10 /* SGGLTextureNV12.h */ = {isa = PBXFileReference; fileEncoding = 4; lastKnownFileType = sourcecode.c.h; path = SGGLTextureNV12.h; sourceTree = "<group>"; };
		7946B55B22826AA700891B10 /* SGGLProgram.m */ = {isa = PBXFileReference; fileEncoding = 4; lastKnownFileType = sourcecode.c.objc; path = SGGLProgram.m; sourceTree = "<group>"; };
		7946B55C22826AA700891B10 /* SGGLProgramNV12.m */ = {isa = PBXFileReference; fileEncoding = 4; lastKnownFileType = sourcecode.c.objc; path = SGGLProgramNV12.m; sourceTree = "<group>"; };
		7946B55D22826AA700891B10 /* SGGLProgramYUV420.h */ = {isa = PBXFileReference; fileEncoding = 4; lastKnownFileType = sourcecode.c.h; path = SGGLProgramYUV420.h; sourceTree = "<group>"; };
		7946B55E22826AA700891B10 /* SGGLProgram.h */ = {isa = PBXFileReference; fileEncoding = 4; lastKnownFileType = sourcecode.c.h; path = SGGLProgram.h; sourceTree = "<group>"; };
		7946B55F22826AA700891B10 /* SGGLProgramNV12.h */ = {isa = PBXFileReference; fileEncoding = 4; lastKnownFileType = sourcecode.c.h; path = SGGLProgramNV12.h; sourceTree = "<group>"; };
		7946B56022826AA700891B10 /* SGGLProgramYUV420.m */ = {isa = PBXFileReference; fileEncoding = 4; lastKnownFileType = sourcecode.c.objc; path = SGGLProgramYUV420.m; sourceTree = "<group>"; };
		7946B56222826AA700891B10 /* SGDistortionRenderer.h */ = {isa = PBXFileReference; fileEncoding = 4; lastKnownFileType = sourcecode.c.h; path = SGDistortionRenderer.h; sourceTree = "<group>"; };
		7946B56322826AA700891B10 /* SGDistortionModel.m */ = {isa = PBXFileReference; fileEncoding = 4; lastKnownFileType = sourcecode.c.objc; path = SGDistortionModel.m; sourceTree = "<group>"; };
		7946B56422826AA700891B10 /* SGDistortionRenderer.m */ = {isa = PBXFileReference; fileEncoding = 4; lastKnownFileType = sourcecode.c.objc; path = SGDistortionRenderer.m; sourceTree = "<group>"; };
		7946B56522826AA700891B10 /* SGDistortionModel.h */ = {isa = PBXFileReference; fileEncoding = 4; lastKnownFileType = sourcecode.c.h; path = SGDistortionModel.h; sourceTree = "<group>"; };
		7946B56622826AA700891B10 /* SGPlayerBuildConfig.h */ = {isa = PBXFileReference; fileEncoding = 4; lastKnownFileType = sourcecode.c.h; path = SGPlayerBuildConfig.h; sourceTree = "<group>"; };
		7946B56722826AA700891B10 /* SGPlayerNotification.m */ = {isa = PBXFileReference; fileEncoding = 4; lastKnownFileType = sourcecode.c.objc; path = SGPlayerNotification.m; sourceTree = "<group>"; };
		7946B56922826AA700891B10 /* SGPlayer+DisplayView.h */ = {isa = PBXFileReference; fileEncoding = 4; lastKnownFileType = sourcecode.c.h; path = "SGPlayer+DisplayView.h"; sourceTree = "<group>"; };
		7946B56A22826AA700891B10 /* SGPlayer+DisplayView.m */ = {isa = PBXFileReference; fileEncoding = 4; lastKnownFileType = sourcecode.c.objc; path = "SGPlayer+DisplayView.m"; sourceTree = "<group>"; };
		7946B56E22826AA700891B10 /* SGPlayerNotification.h */ = {isa = PBXFileReference; fileEncoding = 4; lastKnownFileType = sourcecode.c.h; path = SGPlayerNotification.h; sourceTree = "<group>"; };
		7946B57022826AA700891B10 /* SGSensors.h */ = {isa = PBXFileReference; fileEncoding = 4; lastKnownFileType = sourcecode.c.h; path = SGSensors.h; sourceTree = "<group>"; };
		7946B57122826AA700891B10 /* SGFingerRotation.m */ = {isa = PBXFileReference; fileEncoding = 4; lastKnownFileType = sourcecode.c.objc; path = SGFingerRotation.m; sourceTree = "<group>"; };
		7946B57222826AA700891B10 /* SGMatrix.m */ = {isa = PBXFileReference; fileEncoding = 4; lastKnownFileType = sourcecode.c.objc; path = SGMatrix.m; sourceTree = "<group>"; };
		7946B57322826AA700891B10 /* SGSensors.m */ = {isa = PBXFileReference; fileEncoding = 4; lastKnownFileType = sourcecode.c.objc; path = SGSensors.m; sourceTree = "<group>"; };
		7946B57422826AA700891B10 /* SGMatrix.h */ = {isa = PBXFileReference; fileEncoding = 4; lastKnownFileType = sourcecode.c.h; path = SGMatrix.h; sourceTree = "<group>"; };
		7946B57522826AA700891B10 /* SGFingerRotation.h */ = {isa = PBXFileReference; fileEncoding = 4; lastKnownFileType = sourcecode.c.h; path = SGFingerRotation.h; sourceTree = "<group>"; };
		7946B57722826AA700891B10 /* SGAVPlayer.h */ = {isa = PBXFileReference; fileEncoding = 4; lastKnownFileType = sourcecode.c.h; path = SGAVPlayer.h; sourceTree = "<group>"; };
		7946B57822826AA700891B10 /* SGAVPlayer.m */ = {isa = PBXFileReference; fileEncoding = 4; lastKnownFileType = sourcecode.c.objc; path = SGAVPlayer.m; sourceTree = "<group>"; };
		7946B57922826AA700891B10 /* SGPlayerImp.h */ = {isa = PBXFileReference; fileEncoding = 4; lastKnownFileType = sourcecode.c.h; path = SGPlayerImp.h; sourceTree = "<group>"; };
		7946B57A22826AA700891B10 /* SGPlayerTrack.m */ = {isa = PBXFileReference; fileEncoding = 4; lastKnownFileType = sourcecode.c.objc; path = SGPlayerTrack.m; sourceTree = "<group>"; };
		7946B57B22826AA700891B10 /* SGPlayerAction.h */ = {isa = PBXFileReference; fileEncoding = 4; lastKnownFileType = sourcecode.c.h; path = SGPlayerAction.h; sourceTree = "<group>"; };
		7946B57C22826AA700891B10 /* SGPlayerDecoder.h */ = {isa = PBXFileReference; fileEncoding = 4; lastKnownFileType = sourcecode.c.h; path = SGPlayerDecoder.h; sourceTree = "<group>"; };
		7946B57D22826AA700891B10 /* SGPlayerTrack.h */ = {isa = PBXFileReference; fileEncoding = 4; lastKnownFileType = sourcecode.c.h; path = SGPlayerTrack.h; sourceTree = "<group>"; };
		7946B57E22826AA700891B10 /* SGPlayerImp.m */ = {isa = PBXFileReference; fileEncoding = 4; lastKnownFileType = sourcecode.c.objc; path = SGPlayerImp.m; sourceTree = "<group>"; };
		7946B58022826AA700891B10 /* SGPlayerAction.m */ = {isa = PBXFileReference; fileEncoding = 4; lastKnownFileType = sourcecode.c.objc; path = SGPlayerAction.m; sourceTree = "<group>"; };
		7992D5662283BC0B00D7208B /* SGPlayer.h */ = {isa = PBXFileReference; fileEncoding = 4; lastKnownFileType = sourcecode.c.h; path = SGPlayer.h; sourceTree = "<group>"; };
		7992D5952283BE9100D7208B /* SGPLFGLViewController.m */ = {isa = PBXFileReference; fileEncoding = 4; lastKnownFileType = sourcecode.c.objc; path = SGPLFGLViewController.m; sourceTree = "<group>"; };
		7992D5962283BE9100D7208B /* SGPLFGLView.h */ = {isa = PBXFileReference; fileEncoding = 4; lastKnownFileType = sourcecode.c.h; path = SGPLFGLView.h; sourceTree = "<group>"; };
		7992D5972283BE9100D7208B /* SGPLFGLContext.m */ = {isa = PBXFileReference; fileEncoding = 4; lastKnownFileType = sourcecode.c.objc; path = SGPLFGLContext.m; sourceTree = "<group>"; };
		7992D5982283BE9200D7208B /* SGPLFOpenGL.h */ = {isa = PBXFileReference; fileEncoding = 4; lastKnownFileType = sourcecode.c.h; path = SGPLFOpenGL.h; sourceTree = "<group>"; };
		7992D5992283BE9200D7208B /* SGPLFGLViewController.h */ = {isa = PBXFileReference; fileEncoding = 4; lastKnownFileType = sourcecode.c.h; path = SGPLFGLViewController.h; sourceTree = "<group>"; };
		7992D59A2283BE9200D7208B /* SGPLFGLView.m */ = {isa = PBXFileReference; fileEncoding = 4; lastKnownFileType = sourcecode.c.objc; path = SGPLFGLView.m; sourceTree = "<group>"; };
		7992D59B2283BE9200D7208B /* SGPLFGLContext.h */ = {isa = PBXFileReference; fileEncoding = 4; lastKnownFileType = sourcecode.c.h; path = SGPLFGLContext.h; sourceTree = "<group>"; };
		7992D59C2283BE9200D7208B /* SGPLFTargets.h */ = {isa = PBXFileReference; fileEncoding = 4; lastKnownFileType = sourcecode.c.h; path = SGPLFTargets.h; sourceTree = "<group>"; };
		7992D59E2283BE9200D7208B /* SGPLFObject.h */ = {isa = PBXFileReference; fileEncoding = 4; lastKnownFileType = sourcecode.c.h; path = SGPLFObject.h; sourceTree = "<group>"; };
		7992D59F2283BE9200D7208B /* SGPLFColor.h */ = {isa = PBXFileReference; fileEncoding = 4; lastKnownFileType = sourcecode.c.h; path = SGPLFColor.h; sourceTree = "<group>"; };
		7992D5A02283BE9200D7208B /* SGPLFView.m */ = {isa = PBXFileReference; fileEncoding = 4; lastKnownFileType = sourcecode.c.objc; path = SGPLFView.m; sourceTree = "<group>"; };
		7992D5A12283BE9200D7208B /* SGPLFImage.m */ = {isa = PBXFileReference; fileEncoding = 4; lastKnownFileType = sourcecode.c.objc; path = SGPLFImage.m; sourceTree = "<group>"; };
		7992D5A22283BE9200D7208B /* SGPLFDisplayLink.h */ = {isa = PBXFileReference; fileEncoding = 4; lastKnownFileType = sourcecode.c.h; path = SGPLFDisplayLink.h; sourceTree = "<group>"; };
		7992D5A32283BE9200D7208B /* SGPLFScreen.h */ = {isa = PBXFileReference; fileEncoding = 4; lastKnownFileType = sourcecode.c.h; path = SGPLFScreen.h; sourceTree = "<group>"; };
		7992D5A42283BE9200D7208B /* SGPLFImage.h */ = {isa = PBXFileReference; fileEncoding = 4; lastKnownFileType = sourcecode.c.h; path = SGPLFImage.h; sourceTree = "<group>"; };
		7992D5A52283BE9200D7208B /* SGPLFView.h */ = {isa = PBXFileReference; fileEncoding = 4; lastKnownFileType = sourcecode.c.h; path = SGPLFView.h; sourceTree = "<group>"; };
		7992D5A62283BE9200D7208B /* SGPLFColor.m */ = {isa = PBXFileReference; fileEncoding = 4; lastKnownFileType = sourcecode.c.objc; path = SGPLFColor.m; sourceTree = "<group>"; };
		7992D5A72283BE9200D7208B /* SGPLFScreen.m */ = {isa = PBXFileReference; fileEncoding = 4; lastKnownFileType = sourcecode.c.objc; path = SGPLFScreen.m; sourceTree = "<group>"; };
		7992D5A82283BE9200D7208B /* SGPLFDisplayLink.m */ = {isa = PBXFileReference; fileEncoding = 4; lastKnownFileType = sourcecode.c.objc; path = SGPLFDisplayLink.m; sourceTree = "<group>"; };
		7992D5A92283BE9200D7208B /* SGPlatform.h */ = {isa = PBXFileReference; fileEncoding = 4; lastKnownFileType = sourcecode.c.h; path = SGPlatform.h; sourceTree = "<group>"; };
		79963F232283DA810097746D /* AudioToolbox.framework */ = {isa = PBXFileReference; lastKnownFileType = wrapper.framework; name = AudioToolbox.framework; path = Platforms/iPhoneOS.platform/Developer/SDKs/iPhoneOS12.2.sdk/System/Library/Frameworks/AudioToolbox.framework; sourceTree = DEVELOPER_DIR; };
		79963F252283DB390097746D /* CoreMedia.framework */ = {isa = PBXFileReference; lastKnownFileType = wrapper.framework; name = CoreMedia.framework; path = Platforms/iPhoneOS.platform/Developer/SDKs/iPhoneOS12.2.sdk/System/Library/Frameworks/CoreMedia.framework; sourceTree = DEVELOPER_DIR; };
		79963F272283DB400097746D /* VideoToolbox.framework */ = {isa = PBXFileReference; lastKnownFileType = wrapper.framework; name = VideoToolbox.framework; path = Platforms/iPhoneOS.platform/Developer/SDKs/iPhoneOS12.2.sdk/System/Library/Frameworks/VideoToolbox.framework; sourceTree = DEVELOPER_DIR; };
		79963F292283DB460097746D /* libiconv.tbd */ = {isa = PBXFileReference; lastKnownFileType = "sourcecode.text-based-dylib-definition"; name = libiconv.tbd; path = Platforms/iPhoneOS.platform/Developer/SDKs/iPhoneOS12.2.sdk/usr/lib/libiconv.tbd; sourceTree = DEVELOPER_DIR; };
		79963F2B2283DB4C0097746D /* libbz2.tbd */ = {isa = PBXFileReference; lastKnownFileType = "sourcecode.text-based-dylib-definition"; name = libbz2.tbd; path = Platforms/iPhoneOS.platform/Developer/SDKs/iPhoneOS12.2.sdk/usr/lib/libbz2.tbd; sourceTree = DEVELOPER_DIR; };
		79963F2D2283DB500097746D /* libz.tbd */ = {isa = PBXFileReference; lastKnownFileType = "sourcecode.text-based-dylib-definition"; name = libz.tbd; path = Platforms/iPhoneOS.platform/Developer/SDKs/iPhoneOS12.2.sdk/usr/lib/libz.tbd; sourceTree = DEVELOPER_DIR; };
		9CEFA6D61E7122BF00835CAB /* SGPlayer.framework */ = {isa = PBXFileReference; explicitFileType = wrapper.framework; includeInIndex = 0; path = SGPlayer.framework; sourceTree = BUILT_PRODUCTS_DIR; };
/* End PBXFileReference section */

/* Begin PBXFrameworksBuildPhase section */
		9CEFA6D21E7122BF00835CAB /* Frameworks */ = {
			isa = PBXFrameworksBuildPhase;
			buildActionMask = 2147483647;
			files = (
				79963F2E2283DB500097746D /* libz.tbd in Frameworks */,
				79963F2C2283DB4C0097746D /* libbz2.tbd in Frameworks */,
				79963F2A2283DB460097746D /* libiconv.tbd in Frameworks */,
				79963F282283DB400097746D /* VideoToolbox.framework in Frameworks */,
				79963F262283DB390097746D /* CoreMedia.framework in Frameworks */,
				79963F242283DA810097746D /* AudioToolbox.framework in Frameworks */,
			);
			runOnlyForDeploymentPostprocessing = 0;
		};
/* End PBXFrameworksBuildPhase section */

/* Begin PBXGroup section */
		7946B53922826AA700891B10 /* Classes */ = {
			isa = PBXGroup;
			children = (
				7992D5662283BC0B00D7208B /* SGPlayer.h */,
				7946B57922826AA700891B10 /* SGPlayerImp.h */,
				7946B57E22826AA700891B10 /* SGPlayerImp.m */,
				7946B57B22826AA700891B10 /* SGPlayerAction.h */,
				7946B58022826AA700891B10 /* SGPlayerAction.m */,
				7946B57D22826AA700891B10 /* SGPlayerTrack.h */,
				7946B57A22826AA700891B10 /* SGPlayerTrack.m */,
				7946B57C22826AA700891B10 /* SGPlayerDecoder.h */,
				7946B53A22826AA700891B10 /* SGPlayerDecoder.m */,
				7992D5932283BE9100D7208B /* SGPlatform */,
				7946B53B22826AA700891B10 /* Core */,
			);
			path = Classes;
			sourceTree = "<group>";
		};
		7946B53B22826AA700891B10 /* Core */ = {
			isa = PBXGroup;
			children = (
				7946B54322826AA700891B10 /* SGPlayerMacro.h */,
				7946B56622826AA700891B10 /* SGPlayerBuildConfig.h */,
				7946B56E22826AA700891B10 /* SGPlayerNotification.h */,
				7946B56722826AA700891B10 /* SGPlayerNotification.m */,
				7946B57622826AA700891B10 /* SGAVPlayer */,
				7946B54422826AA700891B10 /* SGDisplay */,
				7946B56122826AA700891B10 /* SGDistortion */,
				7946B56F22826AA700891B10 /* SGMatrix */,
				7946B56822826AA700891B10 /* SGTools */,
			);
			path = Core;
			sourceTree = "<group>";
		};
		7946B54422826AA700891B10 /* SGDisplay */ = {
			isa = PBXGroup;
			children = (
				7946B54C22826AA700891B10 /* SGDisplayView.h */,
				7946B55222826AA700891B10 /* SGDisplayView.m */,
				7946B54522826AA700891B10 /* SGGLModel */,
				7946B55A22826AA700891B10 /* SGGLProgram */,
				7946B55322826AA700891B10 /* SGGLTexture */,
				7946B54D22826AA700891B10 /* SGGLView */,
			);
			path = SGDisplay;
			sourceTree = "<group>";
		};
		7946B54522826AA700891B10 /* SGGLModel */ = {
			isa = PBXGroup;
			children = (
				7946B54922826AA700891B10 /* SGGLModel.h */,
				7946B54622826AA700891B10 /* SGGLModel.m */,
				7946B54722826AA700891B10 /* SGGLVRModel.h */,
				7946B54B22826AA700891B10 /* SGGLVRModel.m */,
				7946B54A22826AA700891B10 /* SGGLNormalModel.h */,
				7946B54822826AA700891B10 /* SGGLNormalModel.m */,
			);
			path = SGGLModel;
			sourceTree = "<group>";
		};
		7946B54D22826AA700891B10 /* SGGLView */ = {
			isa = PBXGroup;
			children = (
				7946B54E22826AA700891B10 /* SGGLViewController.m */,
				7946B55022826AA700891B10 /* SGGLViewController.h */,
				7946B54F22826AA700891B10 /* SGGLFrame.h */,
				7946B55122826AA700891B10 /* SGGLFrame.m */,
			);
			path = SGGLView;
			sourceTree = "<group>";
		};
		7946B55322826AA700891B10 /* SGGLTexture */ = {
			isa = PBXGroup;
			children = (
				7946B55722826AA700891B10 /* SGGLTexture.h */,
				7946B55422826AA700891B10 /* SGGLTexture.m */,
				7946B55922826AA700891B10 /* SGGLTextureNV12.h */,
				7946B55622826AA700891B10 /* SGGLTextureNV12.m */,
				7946B55522826AA700891B10 /* SGGLTextureYUV420.h */,
				7946B55822826AA700891B10 /* SGGLTextureYUV420.m */,
			);
			path = SGGLTexture;
			sourceTree = "<group>";
		};
		7946B55A22826AA700891B10 /* SGGLProgram */ = {
			isa = PBXGroup;
			children = (
				7946B55E22826AA700891B10 /* SGGLProgram.h */,
				7946B55B22826AA700891B10 /* SGGLProgram.m */,
				7946B55F22826AA700891B10 /* SGGLProgramNV12.h */,
				7946B55C22826AA700891B10 /* SGGLProgramNV12.m */,
				7946B55D22826AA700891B10 /* SGGLProgramYUV420.h */,
				7946B56022826AA700891B10 /* SGGLProgramYUV420.m */,
			);
			path = SGGLProgram;
			sourceTree = "<group>";
		};
		7946B56122826AA700891B10 /* SGDistortion */ = {
			isa = PBXGroup;
			children = (
				7946B56522826AA700891B10 /* SGDistortionModel.h */,
				7946B56322826AA700891B10 /* SGDistortionModel.m */,
				7946B56222826AA700891B10 /* SGDistortionRenderer.h */,
				7946B56422826AA700891B10 /* SGDistortionRenderer.m */,
			);
			path = SGDistortion;
			sourceTree = "<group>";
		};
		7946B56822826AA700891B10 /* SGTools */ = {
			isa = PBXGroup;
			children = (
				7946B56922826AA700891B10 /* SGPlayer+DisplayView.h */,
				7946B56A22826AA700891B10 /* SGPlayer+DisplayView.m */,
			);
			path = SGTools;
			sourceTree = "<group>";
		};
		7946B56F22826AA700891B10 /* SGMatrix */ = {
			isa = PBXGroup;
			children = (
				7946B57422826AA700891B10 /* SGMatrix.h */,
				7946B57222826AA700891B10 /* SGMatrix.m */,
				7946B57022826AA700891B10 /* SGSensors.h */,
				7946B57322826AA700891B10 /* SGSensors.m */,
				7946B57522826AA700891B10 /* SGFingerRotation.h */,
				7946B57122826AA700891B10 /* SGFingerRotation.m */,
			);
			path = SGMatrix;
			sourceTree = "<group>";
		};
		7946B57622826AA700891B10 /* SGAVPlayer */ = {
			isa = PBXGroup;
			children = (
				7946B57722826AA700891B10 /* SGAVPlayer.h */,
				7946B57822826AA700891B10 /* SGAVPlayer.m */,
			);
			path = SGAVPlayer;
			sourceTree = "<group>";
		};
		7992D5932283BE9100D7208B /* SGPlatform */ = {
			isa = PBXGroup;
			children = (
				7992D5A92283BE9200D7208B /* SGPlatform.h */,
				7992D59C2283BE9200D7208B /* SGPLFTargets.h */,
				7992D5942283BE9100D7208B /* SGPLFOpenGL */,
				7992D59D2283BE9200D7208B /* SGPLFObject */,
			);
			path = SGPlatform;
			sourceTree = "<group>";
		};
		7992D5942283BE9100D7208B /* SGPLFOpenGL */ = {
			isa = PBXGroup;
			children = (
				7992D5952283BE9100D7208B /* SGPLFGLViewController.m */,
				7992D5962283BE9100D7208B /* SGPLFGLView.h */,
				7992D5972283BE9100D7208B /* SGPLFGLContext.m */,
				7992D5982283BE9200D7208B /* SGPLFOpenGL.h */,
				7992D5992283BE9200D7208B /* SGPLFGLViewController.h */,
				7992D59A2283BE9200D7208B /* SGPLFGLView.m */,
				7992D59B2283BE9200D7208B /* SGPLFGLContext.h */,
			);
			path = SGPLFOpenGL;
			sourceTree = "<group>";
		};
		7992D59D2283BE9200D7208B /* SGPLFObject */ = {
			isa = PBXGroup;
			children = (
				7992D59E2283BE9200D7208B /* SGPLFObject.h */,
				7992D59F2283BE9200D7208B /* SGPLFColor.h */,
				7992D5A02283BE9200D7208B /* SGPLFView.m */,
				7992D5A12283BE9200D7208B /* SGPLFImage.m */,
				7992D5A22283BE9200D7208B /* SGPLFDisplayLink.h */,
				7992D5A32283BE9200D7208B /* SGPLFScreen.h */,
				7992D5A42283BE9200D7208B /* SGPLFImage.h */,
				7992D5A52283BE9200D7208B /* SGPLFView.h */,
				7992D5A62283BE9200D7208B /* SGPLFColor.m */,
				7992D5A72283BE9200D7208B /* SGPLFScreen.m */,
				7992D5A82283BE9200D7208B /* SGPLFDisplayLink.m */,
			);
			path = SGPLFObject;
			sourceTree = "<group>";
		};
		9C4793421E71402E00AD4289 /* Frameworks */ = {
			isa = PBXGroup;
			children = (
				79963F2D2283DB500097746D /* libz.tbd */,
				79963F2B2283DB4C0097746D /* libbz2.tbd */,
				79963F292283DB460097746D /* libiconv.tbd */,
				79963F272283DB400097746D /* VideoToolbox.framework */,
				79963F252283DB390097746D /* CoreMedia.framework */,
				79963F232283DA810097746D /* AudioToolbox.framework */,
			);
			name = Frameworks;
			sourceTree = "<group>";
		};
		9CEFA6CC1E7122BF00835CAB = {
			isa = PBXGroup;
			children = (
				9CEFA6D81E7122BF00835CAB /* SGPlayer */,
				9CEFA6D71E7122BF00835CAB /* Products */,
				9C4793421E71402E00AD4289 /* Frameworks */,
			);
			sourceTree = "<group>";
		};
		9CEFA6D71E7122BF00835CAB /* Products */ = {
			isa = PBXGroup;
			children = (
				9CEFA6D61E7122BF00835CAB /* SGPlayer.framework */,
			);
			name = Products;
			sourceTree = "<group>";
		};
		9CEFA6D81E7122BF00835CAB /* SGPlayer */ = {
			isa = PBXGroup;
			children = (
				7946B53922826AA700891B10 /* Classes */,
			);
			path = SGPlayer;
			sourceTree = "<group>";
		};
/* End PBXGroup section */

/* Begin PBXHeadersBuildPhase section */
		9CEFA6D31E7122BF00835CAB /* Headers */ = {
			isa = PBXHeadersBuildPhase;
			buildActionMask = 2147483647;
			files = (
				7992D5672283BC0C00D7208B /* SGPlayer.h in Headers */,
				7946B5B422826AA700891B10 /* SGPlayerImp.h in Headers */,
				7946B5B622826AA700891B10 /* SGPlayerAction.h in Headers */,
				7946B5B822826AA700891B10 /* SGPlayerTrack.h in Headers */,
				7946B5B722826AA700891B10 /* SGPlayerDecoder.h in Headers */,
				79963F222283C3680097746D /* SGPlatform.h in Headers */,
				7992D5B12283BE9200D7208B /* SGPLFTargets.h in Headers */,
				7992D5B22283BE9200D7208B /* SGPLFObject.h in Headers */,
				7992D5AB2283BE9200D7208B /* SGPLFGLView.h in Headers */,
				7992D5B92283BE9200D7208B /* SGPLFView.h in Headers */,
				7992D5B32283BE9200D7208B /* SGPLFColor.h in Headers */,
				7992D5B72283BE9200D7208B /* SGPLFScreen.h in Headers */,
				7992D5B62283BE9200D7208B /* SGPLFDisplayLink.h in Headers */,
				7992D5B82283BE9200D7208B /* SGPLFImage.h in Headers */,
				7992D5AD2283BE9200D7208B /* SGPLFOpenGL.h in Headers */,
				7992D5B02283BE9200D7208B /* SGPLFGLContext.h in Headers */,
				7992D5AE2283BE9200D7208B /* SGPLFGLViewController.h in Headers */,
				7946B59622826AA700891B10 /* SGGLTextureYUV420.h in Headers */,
				7946B59822826AA700891B10 /* SGGLTexture.h in Headers */,
				7946B59122826AA700891B10 /* SGGLFrame.h in Headers */,
				7946B5A422826AA700891B10 /* SGDistortionModel.h in Headers */,
				7946B5AC22826AA700891B10 /* SGSensors.h in Headers */,
				7946B5B022826AA700891B10 /* SGMatrix.h in Headers */,
				7946B58A22826AA700891B10 /* SGGLVRModel.h in Headers */,
				7946B5B122826AA700891B10 /* SGFingerRotation.h in Headers */,
				7946B5A722826AA700891B10 /* SGPlayer+DisplayView.h in Headers */,
				7946B5A522826AA700891B10 /* SGPlayerBuildConfig.h in Headers */,
				7946B58F22826AA700891B10 /* SGDisplayView.h in Headers */,
				7946B59E22826AA700891B10 /* SGGLProgram.h in Headers */,
				7946B59A22826AA700891B10 /* SGGLTextureNV12.h in Headers */,
				7946B59222826AA700891B10 /* SGGLViewController.h in Headers */,
				7946B59D22826AA700891B10 /* SGGLProgramYUV420.h in Headers */,
				7946B5AB22826AA700891B10 /* SGPlayerNotification.h in Headers */,
				7946B5A122826AA700891B10 /* SGDistortionRenderer.h in Headers */,
				7946B59F22826AA700891B10 /* SGGLProgramNV12.h in Headers */,
				7946B58D22826AA700891B10 /* SGGLNormalModel.h in Headers */,
				7946B58C22826AA700891B10 /* SGGLModel.h in Headers */,
				7946B58822826AA700891B10 /* SGPlayerMacro.h in Headers */,
			);
			runOnlyForDeploymentPostprocessing = 0;
		};
/* End PBXHeadersBuildPhase section */

/* Begin PBXNativeTarget section */
		9CEFA6D51E7122BF00835CAB /* SGPlayer iOS */ = {
			isa = PBXNativeTarget;
			buildConfigurationList = 9CEFA6DE1E7122BF00835CAB /* Build configuration list for PBXNativeTarget "SGPlayer iOS" */;
			buildPhases = (
				9CEFA6D11E7122BF00835CAB /* Sources */,
				9CEFA6D21E7122BF00835CAB /* Frameworks */,
				9CEFA6D31E7122BF00835CAB /* Headers */,
				9CEFA6D41E7122BF00835CAB /* Resources */,
			);
			buildRules = (
			);
			dependencies = (
			);
			name = "SGPlayer iOS";
			productName = SGPlayer;
			productReference = 9CEFA6D61E7122BF00835CAB /* SGPlayer.framework */;
			productType = "com.apple.product-type.framework";
		};
/* End PBXNativeTarget section */

/* Begin PBXProject section */
		9CEFA6CD1E7122BF00835CAB /* Project object */ = {
			isa = PBXProject;
			attributes = {
				CLASSPREFIX = SG;
				LastUpgradeCheck = 0900;
				ORGANIZATIONNAME = yegail;
				TargetAttributes = {
					9CEFA6D51E7122BF00835CAB = {
						CreatedOnToolsVersion = 8.2.1;
						ProvisioningStyle = Automatic;
					};
				};
			};
			buildConfigurationList = 9CEFA6D01E7122BF00835CAB /* Build configuration list for PBXProject "SGPlayer" */;
			compatibilityVersion = "Xcode 3.2";
			developmentRegion = English;
			hasScannedForEncodings = 0;
			knownRegions = (
				English,
				en,
			);
			mainGroup = 9CEFA6CC1E7122BF00835CAB;
			productRefGroup = 9CEFA6D71E7122BF00835CAB /* Products */;
			projectDirPath = "";
			projectRoot = "";
			targets = (
				9CEFA6D51E7122BF00835CAB /* SGPlayer iOS */,
			);
		};
/* End PBXProject section */

/* Begin PBXResourcesBuildPhase section */
		9CEFA6D41E7122BF00835CAB /* Resources */ = {
			isa = PBXResourcesBuildPhase;
			buildActionMask = 2147483647;
			files = (
			);
			runOnlyForDeploymentPostprocessing = 0;
		};
/* End PBXResourcesBuildPhase section */

/* Begin PBXSourcesBuildPhase section */
		9CEFA6D11E7122BF00835CAB /* Sources */ = {
			isa = PBXSourcesBuildPhase;
			buildActionMask = 2147483647;
			files = (
				7946B5B522826AA700891B10 /* SGPlayerTrack.m in Sources */,
				7946B59522826AA700891B10 /* SGGLTexture.m in Sources */,
				7946B5AE22826AA700891B10 /* SGMatrix.m in Sources */,
				7946B59022826AA700891B10 /* SGGLViewController.m in Sources */,
				7992D5BB2283BE9200D7208B /* SGPLFScreen.m in Sources */,
				7946B5B922826AA700891B10 /* SGPlayerImp.m in Sources */,
				7992D5AA2283BE9200D7208B /* SGPLFGLViewController.m in Sources */,
				7992D5BC2283BE9200D7208B /* SGPLFDisplayLink.m in Sources */,
				7946B5AF22826AA700891B10 /* SGSensors.m in Sources */,
				7946B58122826AA700891B10 /* SGPlayerDecoder.m in Sources */,
				7946B59C22826AA700891B10 /* SGGLProgramNV12.m in Sources */,
				7946B5B322826AA700891B10 /* SGAVPlayer.m in Sources */,
				7946B5A622826AA700891B10 /* SGPlayerNotification.m in Sources */,
				7992D5B52283BE9200D7208B /* SGPLFImage.m in Sources */,
				7946B5BB22826AA700891B10 /* SGPlayerAction.m in Sources */,
				7992D5B42283BE9200D7208B /* SGPLFView.m in Sources */,
				7946B59922826AA700891B10 /* SGGLTextureYUV420.m in Sources */,
				7946B58B22826AA700891B10 /* SGGLNormalModel.m in Sources */,
				7946B59422826AA700891B10 /* SGDisplayView.m in Sources */,
				7946B5A822826AA700891B10 /* SGPlayer+DisplayView.m in Sources */,
				7946B58E22826AA700891B10 /* SGGLVRModel.m in Sources */,
				7946B59322826AA700891B10 /* SGGLFrame.m in Sources */,
				7946B5A222826AA700891B10 /* SGDistortionModel.m in Sources */,
				7946B5AD22826AA700891B10 /* SGFingerRotation.m in Sources */,
				7992D5AC2283BE9200D7208B /* SGPLFGLContext.m in Sources */,
				7992D5AF2283BE9200D7208B /* SGPLFGLView.m in Sources */,
				7992D5BA2283BE9200D7208B /* SGPLFColor.m in Sources */,
				7946B59722826AA700891B10 /* SGGLTextureNV12.m in Sources */,
				7946B5A322826AA700891B10 /* SGDistortionRenderer.m in Sources */,
				7946B58922826AA700891B10 /* SGGLModel.m in Sources */,
				7946B59B22826AA700891B10 /* SGGLProgram.m in Sources */,
				7946B5A022826AA700891B10 /* SGGLProgramYUV420.m in Sources */,
			);
			runOnlyForDeploymentPostprocessing = 0;
		};
/* End PBXSourcesBuildPhase section */

/* Begin XCBuildConfiguration section */
		9CEFA6DC1E7122BF00835CAB /* Debug */ = {
			isa = XCBuildConfiguration;
			buildSettings = {
				ALWAYS_SEARCH_USER_PATHS = NO;
				CLANG_ANALYZER_NONNULL = YES;
				CLANG_CXX_LANGUAGE_STANDARD = "gnu++0x";
				CLANG_CXX_LIBRARY = "libc++";
				CLANG_ENABLE_MODULES = YES;
				CLANG_ENABLE_OBJC_ARC = YES;
				CLANG_WARN_BLOCK_CAPTURE_AUTORELEASING = YES;
				CLANG_WARN_BOOL_CONVERSION = YES;
				CLANG_WARN_COMMA = YES;
				CLANG_WARN_CONSTANT_CONVERSION = YES;
				CLANG_WARN_DIRECT_OBJC_ISA_USAGE = YES_ERROR;
				CLANG_WARN_DOCUMENTATION_COMMENTS = YES;
				CLANG_WARN_EMPTY_BODY = YES;
				CLANG_WARN_ENUM_CONVERSION = YES;
				CLANG_WARN_INFINITE_RECURSION = YES;
				CLANG_WARN_INT_CONVERSION = YES;
				CLANG_WARN_NON_LITERAL_NULL_CONVERSION = YES;
				CLANG_WARN_OBJC_LITERAL_CONVERSION = YES;
				CLANG_WARN_OBJC_ROOT_CLASS = YES_ERROR;
				CLANG_WARN_RANGE_LOOP_ANALYSIS = YES;
				CLANG_WARN_STRICT_PROTOTYPES = YES;
				CLANG_WARN_SUSPICIOUS_MOVE = YES;
				CLANG_WARN_UNREACHABLE_CODE = YES;
				CLANG_WARN__DUPLICATE_METHOD_MATCH = YES;
				CODE_SIGN_IDENTITY = "-";
				COPY_PHASE_STRIP = NO;
				CURRENT_PROJECT_VERSION = 1;
				DEBUG_INFORMATION_FORMAT = dwarf;
				ENABLE_STRICT_OBJC_MSGSEND = YES;
				ENABLE_TESTABILITY = YES;
				GCC_C_LANGUAGE_STANDARD = gnu99;
				GCC_DYNAMIC_NO_PIC = NO;
				GCC_NO_COMMON_BLOCKS = YES;
				GCC_OPTIMIZATION_LEVEL = 0;
				GCC_PREPROCESSOR_DEFINITIONS = (
					"DEBUG=1",
					"$(inherited)",
				);
				GCC_WARN_64_TO_32_BIT_CONVERSION = YES;
				GCC_WARN_ABOUT_RETURN_TYPE = YES_ERROR;
				GCC_WARN_UNDECLARED_SELECTOR = YES;
				GCC_WARN_UNINITIALIZED_AUTOS = YES_AGGRESSIVE;
				GCC_WARN_UNUSED_FUNCTION = YES;
				GCC_WARN_UNUSED_VARIABLE = YES;
				MACOSX_DEPLOYMENT_TARGET = 10.12;
				MTL_ENABLE_DEBUG_INFO = YES;
				ONLY_ACTIVE_ARCH = YES;
				SDKROOT = macosx;
				VERSIONING_SYSTEM = "apple-generic";
				VERSION_INFO_PREFIX = "";
			};
			name = Debug;
		};
		9CEFA6DD1E7122BF00835CAB /* Release */ = {
			isa = XCBuildConfiguration;
			buildSettings = {
				ALWAYS_SEARCH_USER_PATHS = NO;
				CLANG_ANALYZER_NONNULL = YES;
				CLANG_CXX_LANGUAGE_STANDARD = "gnu++0x";
				CLANG_CXX_LIBRARY = "libc++";
				CLANG_ENABLE_MODULES = YES;
				CLANG_ENABLE_OBJC_ARC = YES;
				CLANG_WARN_BLOCK_CAPTURE_AUTORELEASING = YES;
				CLANG_WARN_BOOL_CONVERSION = YES;
				CLANG_WARN_COMMA = YES;
				CLANG_WARN_CONSTANT_CONVERSION = YES;
				CLANG_WARN_DIRECT_OBJC_ISA_USAGE = YES_ERROR;
				CLANG_WARN_DOCUMENTATION_COMMENTS = YES;
				CLANG_WARN_EMPTY_BODY = YES;
				CLANG_WARN_ENUM_CONVERSION = YES;
				CLANG_WARN_INFINITE_RECURSION = YES;
				CLANG_WARN_INT_CONVERSION = YES;
				CLANG_WARN_NON_LITERAL_NULL_CONVERSION = YES;
				CLANG_WARN_OBJC_LITERAL_CONVERSION = YES;
				CLANG_WARN_OBJC_ROOT_CLASS = YES_ERROR;
				CLANG_WARN_RANGE_LOOP_ANALYSIS = YES;
				CLANG_WARN_STRICT_PROTOTYPES = YES;
				CLANG_WARN_SUSPICIOUS_MOVE = YES;
				CLANG_WARN_UNREACHABLE_CODE = YES;
				CLANG_WARN__DUPLICATE_METHOD_MATCH = YES;
				CODE_SIGN_IDENTITY = "-";
				COPY_PHASE_STRIP = NO;
				CURRENT_PROJECT_VERSION = 1;
				DEBUG_INFORMATION_FORMAT = "dwarf-with-dsym";
				ENABLE_NS_ASSERTIONS = NO;
				ENABLE_STRICT_OBJC_MSGSEND = YES;
				GCC_C_LANGUAGE_STANDARD = gnu99;
				GCC_NO_COMMON_BLOCKS = YES;
				GCC_WARN_64_TO_32_BIT_CONVERSION = YES;
				GCC_WARN_ABOUT_RETURN_TYPE = YES_ERROR;
				GCC_WARN_UNDECLARED_SELECTOR = YES;
				GCC_WARN_UNINITIALIZED_AUTOS = YES_AGGRESSIVE;
				GCC_WARN_UNUSED_FUNCTION = YES;
				GCC_WARN_UNUSED_VARIABLE = YES;
				MACOSX_DEPLOYMENT_TARGET = 10.12;
				MTL_ENABLE_DEBUG_INFO = NO;
				SDKROOT = macosx;
				VERSIONING_SYSTEM = "apple-generic";
				VERSION_INFO_PREFIX = "";
			};
			name = Release;
		};
		9CEFA6DF1E7122BF00835CAB /* Debug */ = {
			isa = XCBuildConfiguration;
			buildSettings = {
				CODE_SIGN_IDENTITY = "";
				COMBINE_HIDPI_IMAGES = YES;
				DEFINES_MODULE = YES;
				DEVELOPMENT_TEAM = "";
				DYLIB_COMPATIBILITY_VERSION = 1;
				DYLIB_CURRENT_VERSION = 1;
				DYLIB_INSTALL_NAME_BASE = "@rpath";
				FRAMEWORK_VERSION = A;
				HEADER_SEARCH_PATHS = "\"$(SRCROOT)/SGPlayer/Classes/Core/SGFFPlayer/ffmpeg/include\"";
				INFOPLIST_FILE = SGPlayer/Info.plist;
				INSTALL_PATH = "$(LOCAL_LIBRARY_DIR)/Frameworks";
				IPHONEOS_DEPLOYMENT_TARGET = 8.0;
				LD_RUNPATH_SEARCH_PATHS = "$(inherited) @executable_path/../Frameworks @loader_path/Frameworks";
				LIBRARY_SEARCH_PATHS = (
					"\"$(SRCROOT)/SGPlayer/Classes/Core/SGFFPlayer/ffmpeg/lib-iOS\"",
					"$(PROJECT_DIR)/SGPlayer/Classes/Core/SGFFPlayer/ffmpeg/lib-iOS",
					"$(PROJECT_DIR)/SGPlayer/Classes/Core/SGFFPlayer/ffmpeg/lib-macOS",
					"$(PROJECT_DIR)/SGPlayer/Classes/Core/SGFFPlayer/ffmpeg/lib-tvOS",
				);
				MACH_O_TYPE = staticlib;
				PRODUCT_BUNDLE_IDENTIFIER = com.libobjc.SGPlayer;
				PRODUCT_NAME = SGPlayer;
				SDKROOT = iphoneos;
				SKIP_INSTALL = YES;
				TARGETED_DEVICE_FAMILY = "1,2";
			};
			name = Debug;
		};
		9CEFA6E01E7122BF00835CAB /* Release */ = {
			isa = XCBuildConfiguration;
			buildSettings = {
				CODE_SIGN_IDENTITY = "";
				COMBINE_HIDPI_IMAGES = YES;
				DEFINES_MODULE = YES;
				DEVELOPMENT_TEAM = "";
				DYLIB_COMPATIBILITY_VERSION = 1;
				DYLIB_CURRENT_VERSION = 1;
				DYLIB_INSTALL_NAME_BASE = "@rpath";
				FRAMEWORK_VERSION = A;
				HEADER_SEARCH_PATHS = "\"$(SRCROOT)/SGPlayer/Classes/Core/SGFFPlayer/ffmpeg/include\"";
				INFOPLIST_FILE = SGPlayer/Info.plist;
				INSTALL_PATH = "$(LOCAL_LIBRARY_DIR)/Frameworks";
				IPHONEOS_DEPLOYMENT_TARGET = 8.0;
				LD_RUNPATH_SEARCH_PATHS = "$(inherited) @executable_path/../Frameworks @loader_path/Frameworks";
				LIBRARY_SEARCH_PATHS = (
					"\"$(SRCROOT)/SGPlayer/Classes/Core/SGFFPlayer/ffmpeg/lib-iOS\"",
					"$(PROJECT_DIR)/SGPlayer/Classes/Core/SGFFPlayer/ffmpeg/lib-iOS",
					"$(PROJECT_DIR)/SGPlayer/Classes/Core/SGFFPlayer/ffmpeg/lib-macOS",
					"$(PROJECT_DIR)/SGPlayer/Classes/Core/SGFFPlayer/ffmpeg/lib-tvOS",
				);
				MACH_O_TYPE = staticlib;
				PRODUCT_BUNDLE_IDENTIFIER = com.libobjc.SGPlayer;
				PRODUCT_NAME = SGPlayer;
				SDKROOT = iphoneos;
				SKIP_INSTALL = YES;
				TARGETED_DEVICE_FAMILY = "1,2";
			};
			name = Release;
		};
/* End XCBuildConfiguration section */

/* Begin XCConfigurationList section */
		9CEFA6D01E7122BF00835CAB /* Build configuration list for PBXProject "SGPlayer" */ = {
			isa = XCConfigurationList;
			buildConfigurations = (
				9CEFA6DC1E7122BF00835CAB /* Debug */,
				9CEFA6DD1E7122BF00835CAB /* Release */,
			);
			defaultConfigurationIsVisible = 0;
			defaultConfigurationName = Release;
		};
		9CEFA6DE1E7122BF00835CAB /* Build configuration list for PBXNativeTarget "SGPlayer iOS" */ = {
			isa = XCConfigurationList;
			buildConfigurations = (
				9CEFA6DF1E7122BF00835CAB /* Debug */,
				9CEFA6E01E7122BF00835CAB /* Release */,
			);
			defaultConfigurationIsVisible = 0;
			defaultConfigurationName = Release;
		};
/* End XCConfigurationList section */
	};
	rootObject = 9CEFA6CD1E7122BF00835CAB /* Project object */;
}
